
Microsoft Visual Studio Solution File, Format Version 12.00
# Visual Studio Version 17
VisualStudioVersion = 17.0.31815.197
MinimumVisualStudioVersion = 10.0.40219.1
Project("{2150E333-8FDC-42A3-9474-1A3956D46DE8}") = "src", "src", "{3E0CFB65-0A30-47D7-B5A9-9DD7C7DBD780}"
EndProject
Project("{2150E333-8FDC-42A3-9474-1A3956D46DE8}") = "tests", "tests", "{3C6CD49C-FE6D-470E-A8C8-E4142EA5C082}"
EndProject
Project("{FAE04EC0-301F-11D3-BF4B-00C04F79EFBC}") = "Restaurant.App", "src\Restaurant.App\Restaurant.App.csproj", "{95373542-1AE3-44BB-A288-32334252E369}"
EndProject
Project("{FAE04EC0-301F-11D3-BF4B-00C04F79EFBC}") = "Restaurant.App.Tests", "tests\Restaurant.App.Tests\Restaurant.App.Tests.csproj", "{74DEBF62-8F21-4F7A-B249-0B2A117523A9}"
EndProject
Global
	GlobalSection(SolutionConfigurationPlatforms) = preSolution
		Debug|Any CPU = Debug|Any CPU
		Release|Any CPU = Release|Any CPU
	EndGlobalSection
	GlobalSection(ProjectConfigurationPlatforms) = postSolution
		{95373542-1AE3-44BB-A288-32334252E369}.Debug|Any CPU.ActiveCfg = Debug|Any CPU
		{95373542-1AE3-44BB-A288-32334252E369}.Debug|Any CPU.Build.0 = Debug|Any CPU
		{95373542-1AE3-44BB-A288-32334252E369}.Release|Any CPU.ActiveCfg = Release|Any CPU
		{95373542-1AE3-44BB-A288-32334252E369}.Release|Any CPU.Build.0 = Release|Any CPU
		{74DEBF62-8F21-4F7A-B249-0B2A117523A9}.Debug|Any CPU.ActiveCfg = Debug|Any CPU
		{74DEBF62-8F21-4F7A-B249-0B2A117523A9}.Debug|Any CPU.Build.0 = Debug|Any CPU
		{74DEBF62-8F21-4F7A-B249-0B2A117523A9}.Release|Any CPU.ActiveCfg = Release|Any CPU
		{74DEBF62-8F21-4F7A-B249-0B2A117523A9}.Release|Any CPU.Build.0 = Release|Any CPU
	EndGlobalSection
	GlobalSection(SolutionProperties) = preSolution
		HideSolutionNode = FALSE
	EndGlobalSection
	GlobalSection(NestedProjects) = preSolution
		{95373542-1AE3-44BB-A288-32334252E369} = {3E0CFB65-0A30-47D7-B5A9-9DD7C7DBD780}
		{74DEBF62-8F21-4F7A-B249-0B2A117523A9} = {3C6CD49C-FE6D-470E-A8C8-E4142EA5C082}
	EndGlobalSection
	GlobalSection(ExtensibilityGlobals) = postSolution
		SolutionGuid = {6FA85432-7A4D-4486-88D4-CED1C2622368}
	EndGlobalSection
EndGlobal
